
Microsoft Visual Studio Solution File, Format Version 12.00
# Visual Studio Version 17
VisualStudioVersion = 17.12.35514.174
MinimumVisualStudioVersion = 10.0.40219.1
Project("{FAE04EC0-301F-11D3-BF4B-00C04F79EFBC}") = "IdentityBase", "IdentityBase\IdentityBase.csproj", "{BFDB61A4-06FE-42FF-9453-38B568F491EA}"
EndProject
Global
	GlobalSection(SolutionConfigurationPlatforms) = preSolution
		Debug|Any CPU = Debug|Any CPU
		Release|Any CPU = Release|Any CPU
	EndGlobalSection
	GlobalSection(ProjectConfigurationPlatforms) = postSolution
		{BFDB61A4-06FE-42FF-9453-38B568F491EA}.Debug|Any CPU.ActiveCfg = Debug|Any CPU
		{BFDB61A4-06FE-42FF-9453-38B568F491EA}.Debug|Any CPU.Build.0 = Debug|Any CPU
		{BFDB61A4-06FE-42FF-9453-38B568F491EA}.Release|Any CPU.ActiveCfg = Release|Any CPU
		{BFDB61A4-06FE-42FF-9453-38B568F491EA}.Release|Any CPU.Build.0 = Release|Any CPU
	EndGlobalSection
	GlobalSection(SolutionProperties) = preSolution
		HideSolutionNode = FALSE
	EndGlobalSection
EndGlobal
